PODS:
  - CryptoSwift (1.5.1)
  - device_info_plus (0.0.1):
    - Flutter
  - DKImagePickerController/Core (4.3.4):
    - DKImagePickerController/ImageDataManager
    - DKImagePickerController/Resource
  - DKImagePickerController/ImageDataManager (4.3.4)
  - DKImagePickerController/PhotoGallery (4.3.4):
    - DKImagePickerController/Core
    - DKPhotoGallery
  - DKImagePickerController/Resource (4.3.4)
  - DKPhotoGallery (0.0.17):
    - DKPhotoGallery/Core (= 0.0.17)
    - DKPhotoGallery/Model (= 0.0.17)
    - DKPhotoGallery/Preview (= 0.0.17)
    - DKPhotoGallery/Resource (= 0.0.17)
    - SDWebImage
    - SwiftyGif
  - DKPhotoGallery/Core (0.0.17):
    - DKPhotoGallery/Model
    - DKPhotoGallery/Preview
    - SDWebImage
    - SwiftyGif
  - DKPhotoGallery/Model (0.0.17):
    - SDWebImage
    - SwiftyGif
  - DKPhotoGallery/Preview (0.0.17):
    - DKPhotoGallery/Model
    - DKPhotoGallery/Resource
    - SDWebImage
    - SwiftyGif
  - DKPhotoGallery/Resource (0.0.17):
    - SDWebImage
    - SwiftyGif
  - file_picker (0.0.1):
    - DKImagePickerController/PhotoGallery
    - Flutter
  - Flutter (1.0.0)
  - nordic_nrf_mesh (0.13.0):
    - Flutter
    - nRFMeshProvision
  - nRFMeshProvision (3.2.0):
    - CryptoSwift (= 1.5.1)
  - permission_handler_apple (9.3.0):
    - Flutter
  - Protobuf (3.29.5)
  - reactive_ble_mobile (0.0.1):
    - Flutter
    - FlutterMacOS
    - Protobuf (~> 3.5)
    - SwiftProtobuf (~> 1.0)
  - SDWebImage (5.14.2):
    - SDWebImage/Core (= 5.14.2)
  - SDWebImage/Core (5.14.2)
  - SwiftProtobuf (1.33.3)
  - SwiftyGif (5.4.3)

DEPENDENCIES:
  - device_info_plus (from `.symlinks/plugins/device_info_plus/ios`)
  - file_picker (from `.symlinks/plugins/file_picker/ios`)
  - Flutter (from `Flutter`)
  - nordic_nrf_mesh (from `.symlinks/plugins/nordic_nrf_mesh/ios`)
  - nRFMeshProvision (from `.symlinks/plugins/nordic_nrf_mesh/IOS-nRF-Mesh-Library`)
  - permission_handler_apple (from `.symlinks/plugins/permission_handler_apple/ios`)
  - reactive_ble_mobile (from `.symlinks/plugins/reactive_ble_mobile/darwin`)

SPEC REPOS:
  trunk:
    - CryptoSwift
    - DKImagePickerController
    - DKPhotoGallery
    - Protobuf
    - SDWebImage
    - SwiftProtobuf
    - SwiftyGif

EXTERNAL SOURCES:
  device_info_plus:
    :path: ".symlinks/plugins/device_info_plus/ios"
  file_picker:
    :path: ".symlinks/plugins/file_picker/ios"
  Flutter:
    :path: Flutter
  nordic_nrf_mesh:
    :path: ".symlinks/plugins/nordic_nrf_mesh/ios"
  nRFMeshProvision:
    :path: ".symlinks/plugins/nordic_nrf_mesh/IOS-nRF-Mesh-Library"
  permission_handler_apple:
    :path: ".symlinks/plugins/permission_handler_apple/ios"
  reactive_ble_mobile:
    :path: ".symlinks/plugins/reactive_ble_mobile/darwin"

SPEC CHECKSUMS:
  CryptoSwift: c4f2debceb38bf44c80659afe009f71e23e4a082
  device_info_plus: 21fcca2080fbcd348be798aa36c3e5ed849eefbe
  DKImagePickerController: b512c28220a2b8ac7419f21c491fc8534b7601ac
  DKPhotoGallery: fdfad5125a9fdda9cc57df834d49df790dbb4179
  file_picker: a0560bc09d61de87f12d246fc47d2119e6ef37be
  Flutter: cabc95a1d2626b1b06e7179b784ebcf0c0cde467
  nordic_nrf_mesh: 31990fec043cf8f43c28e3a0901b07dffd0e0d15
  nRFMeshProvision: 0f0a0b9e83e4a77bb4df1b7dfdb3838f526875d0
  permission_handler_apple: 4ed2196e43d0651e8ff7ca3483a069d469701f2d
  Protobuf: 164aea2ae380c3951abdc3e195220c01d17400e0
  reactive_ble_mobile: ea97709e18fa6f0b0592909725d7ae7e1c595b64
  SDWebImage: b9a731e1d6307f44ca703b3976d18c24ca561e84
  SwiftProtobuf: e1b437c8e31a4c5577b643249a0bb62ed4f02153
  SwiftyGif: 6c3eafd0ce693cad58bb63d2b2fb9bacb8552780

PODFILE CHECKSUM: ac6f710b94220fc08721136b4a77e1ea242ce06f

COCOAPODS: 1.16.2
